
Microsoft Visual Studio Solution File, Format Version 12.00
# Visual Studio 2012
Project("{FAE04EC0-301F-11D3-BF4B-00C04F79EFBC}") = "aspnet1", "aspnet1.csproj", "{50E07310-6E8C-483A-8991-E50966714EA4}"
EndProject
Project("{FAE04EC0-301F-11D3-BF4B-00C04F79EFBC}") = "aspnet1.Tests", "aspnet1.Tests\aspnet1.Tests.csproj", "{CDCCD0A4-6658-4563-B255-93CECF82F8E7}"
EndProject
Global
	GlobalSection(SolutionConfigurationPlatforms) = preSolution
		Debug|Any CPU = Debug|Any CPU
		Release|Any CPU = Release|Any CPU
	EndGlobalSection
	GlobalSection(ProjectConfigurationPlatforms) = postSolution
		{50E07310-6E8C-483A-8991-E50966714EA4}.Debug|Any CPU.ActiveCfg = Debug|Any CPU
		{50E07310-6E8C-483A-8991-E50966714EA4}.Debug|Any CPU.Build.0 = Debug|Any CPU
		{50E07310-6E8C-483A-8991-E50966714EA4}.Release|Any CPU.ActiveCfg = Release|Any CPU
		{50E07310-6E8C-483A-8991-E50966714EA4}.Release|Any CPU.Build.0 = Release|Any CPU
		{CDCCD0A4-6658-4563-B255-93CECF82F8E7}.Debug|Any CPU.ActiveCfg = Debug|Any CPU
		{CDCCD0A4-6658-4563-B255-93CECF82F8E7}.Debug|Any CPU.Build.0 = Debug|Any CPU
		{CDCCD0A4-6658-4563-B255-93CECF82F8E7}.Release|Any CPU.ActiveCfg = Release|Any CPU
		{CDCCD0A4-6658-4563-B255-93CECF82F8E7}.Release|Any CPU.Build.0 = Release|Any CPU
	EndGlobalSection
EndGlobal
